
Microsoft Visual Studio Solution File, Format Version 12.00
Project("{FAE04EC0-301F-11D3-BF4B-00C04F79EFBC}") = "WebApp", "WebApp\WebApp.csproj", "{8B8398FB-CF23-44AF-969A-FD210DC2B7CB}"
EndProject
Project("{FAE04EC0-301F-11D3-BF4B-00C04F79EFBC}") = "WebApp.Business", "WebApp.Business\WebApp.Business.csproj", "{4399ED73-A471-483A-8663-A2FC23097FAC}"
EndProject
Project("{FAE04EC0-301F-11D3-BF4B-00C04F79EFBC}") = "WebApp.Data", "WebApp.Data\WebApp.Data.csproj", "{E3B6B29C-F364-403C-9F1B-DA8B2FEA1C8C}"
EndProject
Project("{FAE04EC0-301F-11D3-BF4B-00C04F79EFBC}") = "WebApp.Model", "WebApp.Model\WebApp.Model.csproj", "{3EC81828-C71F-4C01-A206-20F573281E9A}"
EndProject
Project("{FAE04EC0-301F-11D3-BF4B-00C04F79EFBC}") = "WebApp.Validation", "WebApp.Validation\WebApp.Validation.csproj", "{30FA8515-CE09-4322-B18E-355AF4F38F00}"
EndProject
Global
	GlobalSection(SolutionConfigurationPlatforms) = preSolution
		Debug|Any CPU = Debug|Any CPU
		Release|Any CPU = Release|Any CPU
	EndGlobalSection
	GlobalSection(ProjectConfigurationPlatforms) = postSolution
		{8B8398FB-CF23-44AF-969A-FD210DC2B7CB}.Debug|Any CPU.ActiveCfg = Debug|Any CPU
		{8B8398FB-CF23-44AF-969A-FD210DC2B7CB}.Debug|Any CPU.Build.0 = Debug|Any CPU
		{8B8398FB-CF23-44AF-969A-FD210DC2B7CB}.Release|Any CPU.ActiveCfg = Release|Any CPU
		{8B8398FB-CF23-44AF-969A-FD210DC2B7CB}.Release|Any CPU.Build.0 = Release|Any CPU
		{4399ED73-A471-483A-8663-A2FC23097FAC}.Debug|Any CPU.ActiveCfg = Debug|Any CPU
		{4399ED73-A471-483A-8663-A2FC23097FAC}.Debug|Any CPU.Build.0 = Debug|Any CPU
		{4399ED73-A471-483A-8663-A2FC23097FAC}.Release|Any CPU.ActiveCfg = Release|Any CPU
		{4399ED73-A471-483A-8663-A2FC23097FAC}.Release|Any CPU.Build.0 = Release|Any CPU
		{E3B6B29C-F364-403C-9F1B-DA8B2FEA1C8C}.Debug|Any CPU.ActiveCfg = Debug|Any CPU
		{E3B6B29C-F364-403C-9F1B-DA8B2FEA1C8C}.Debug|Any CPU.Build.0 = Debug|Any CPU
		{E3B6B29C-F364-403C-9F1B-DA8B2FEA1C8C}.Release|Any CPU.ActiveCfg = Release|Any CPU
		{E3B6B29C-F364-403C-9F1B-DA8B2FEA1C8C}.Release|Any CPU.Build.0 = Release|Any CPU
		{3EC81828-C71F-4C01-A206-20F573281E9A}.Debug|Any CPU.ActiveCfg = Debug|Any CPU
		{3EC81828-C71F-4C01-A206-20F573281E9A}.Debug|Any CPU.Build.0 = Debug|Any CPU
		{3EC81828-C71F-4C01-A206-20F573281E9A}.Release|Any CPU.ActiveCfg = Release|Any CPU
		{3EC81828-C71F-4C01-A206-20F573281E9A}.Release|Any CPU.Build.0 = Release|Any CPU
		{30FA8515-CE09-4322-B18E-355AF4F38F00}.Debug|Any CPU.ActiveCfg = Debug|Any CPU
		{30FA8515-CE09-4322-B18E-355AF4F38F00}.Debug|Any CPU.Build.0 = Debug|Any CPU
		{30FA8515-CE09-4322-B18E-355AF4F38F00}.Release|Any CPU.ActiveCfg = Release|Any CPU
		{30FA8515-CE09-4322-B18E-355AF4F38F00}.Release|Any CPU.Build.0 = Release|Any CPU
	EndGlobalSection
EndGlobal
